
Microsoft Visual Studio Solution File, Format Version 12.00
# Visual Studio Version 16
VisualStudioVersion = 16.0.29306.81
MinimumVisualStudioVersion = 10.0.40219.1
Project("{FAE04EC0-301F-11D3-BF4B-00C04F79EFBC}") = "beSecure AntiVirus", "beSecure AntiVirus\beSecure AntiVirus.csproj", "{008C1C9D-B599-4A2D-9C92-0D3BD4653786}"
EndProject
Global
	GlobalSection(SolutionConfigurationPlatforms) = preSolution
		Debug|Any CPU = Debug|Any CPU
		Release|Any CPU = Release|Any CPU
	EndGlobalSection
	GlobalSection(ProjectConfigurationPlatforms) = postSolution
		{008C1C9D-B599-4A2D-9C92-0D3BD4653786}.Debug|Any CPU.ActiveCfg = Debug|Any CPU
		{008C1C9D-B599-4A2D-9C92-0D3BD4653786}.Debug|Any CPU.Build.0 = Debug|Any CPU
		{008C1C9D-B599-4A2D-9C92-0D3BD4653786}.Release|Any CPU.ActiveCfg = Release|Any CPU
		{008C1C9D-B599-4A2D-9C92-0D3BD4653786}.Release|Any CPU.Build.0 = Release|Any CPU
	EndGlobalSection
	GlobalSection(SolutionProperties) = preSolution
		HideSolutionNode = FALSE
	EndGlobalSection
	GlobalSection(ExtensibilityGlobals) = postSolution
		SolutionGuid = {136D1475-5FED-4C13-BB5C-82ECC286AE95}
	EndGlobalSection
EndGlobal
