
Microsoft Visual Studio Solution File, Format Version 12.00
# Visual Studio Version 16
VisualStudioVersion = 16.0.29306.81
MinimumVisualStudioVersion = 10.0.40219.1
Project("{FAE04EC0-301F-11D3-BF4B-00C04F79EFBC}") = "beSecure AV Mangement System", "beSecure AV Mangement System\beSecure AV Mangement System.csproj", "{25524A9E-D436-4BF6-B315-D67D076A6808}"
EndProject
Global
	GlobalSection(SolutionConfigurationPlatforms) = preSolution
		Debug|Any CPU = Debug|Any CPU
		Release|Any CPU = Release|Any CPU
	EndGlobalSection
	GlobalSection(ProjectConfigurationPlatforms) = postSolution
		{25524A9E-D436-4BF6-B315-D67D076A6808}.Debug|Any CPU.ActiveCfg = Debug|Any CPU
		{25524A9E-D436-4BF6-B315-D67D076A6808}.Debug|Any CPU.Build.0 = Debug|Any CPU
		{25524A9E-D436-4BF6-B315-D67D076A6808}.Release|Any CPU.ActiveCfg = Release|Any CPU
		{25524A9E-D436-4BF6-B315-D67D076A6808}.Release|Any CPU.Build.0 = Release|Any CPU
	EndGlobalSection
	GlobalSection(SolutionProperties) = preSolution
		HideSolutionNode = FALSE
	EndGlobalSection
	GlobalSection(ExtensibilityGlobals) = postSolution
		SolutionGuid = {BEAB24B0-7476-4332-A868-70B72482E2D4}
	EndGlobalSection
EndGlobal
